
Microsoft Visual Studio Solution File, Format Version 12.00
# Visual Studio Version 17
VisualStudioVersion = 17.10.35013.160
MinimumVisualStudioVersion = 10.0.40219.1
Project("{FAE04EC0-301F-11D3-BF4B-00C04F79EFBC}") = "dhub", "dhub\dhub.csproj", "{16D6720D-9A58-4AED-A4CA-37833E01F784}"
EndProject
Global
	GlobalSection(SolutionConfigurationPlatforms) = preSolution
		Debug|Any CPU = Debug|Any CPU
		Release|Any CPU = Release|Any CPU
	EndGlobalSection
	GlobalSection(ProjectConfigurationPlatforms) = postSolution
		{16D6720D-9A58-4AED-A4CA-37833E01F784}.Debug|Any CPU.ActiveCfg = Debug|Any CPU
		{16D6720D-9A58-4AED-A4CA-37833E01F784}.Debug|Any CPU.Build.0 = Debug|Any CPU
		{16D6720D-9A58-4AED-A4CA-37833E01F784}.Release|Any CPU.ActiveCfg = Release|Any CPU
		{16D6720D-9A58-4AED-A4CA-37833E01F784}.Release|Any CPU.Build.0 = Release|Any CPU
	EndGlobalSection
	GlobalSection(SolutionProperties) = preSolution
		HideSolutionNode = FALSE
	EndGlobalSection
	GlobalSection(ExtensibilityGlobals) = postSolution
		SolutionGuid = {BFD30094-3484-421C-B680-1FFF052B7EE9}
	EndGlobalSection
EndGlobal
